
Microsoft Visual Studio Solution File, Format Version 12.00
# Visual Studio Version 17
VisualStudioVersion = 17.0.31903.59
MinimumVisualStudioVersion = 10.0.40219.1
Project("{FAE04EC0-301F-11D3-BF4B-00C04F79EFBC}") = "AISAM.API", "AISAM.API\AISAM.API.csproj", "{0291BFF2-97C7-425E-B1A3-B03C68B53B53}"
EndProject
Project("{FAE04EC0-301F-11D3-BF4B-00C04F79EFBC}") = "AISAM.Services", "AISAM.Services\AISAM.Services.csproj", "{3DF9008B-BD89-4E58-8610-AF9752C181DB}"
EndProject
Project("{FAE04EC0-301F-11D3-BF4B-00C04F79EFBC}") = "AISAM.Repositories", "AISAM.Repositories\AISAM.Repositories.csproj", "{CF313C49-A9FB-4103-BB1C-276B1CDA43B8}"
EndProject
Project("{FAE04EC0-301F-11D3-BF4B-00C04F79EFBC}") = "AISAM.Data", "AISAM.Data\AISAM.Data.csproj", "{E830D751-0D36-4863-A711-0744A5EABC6C}"
EndProject
Project("{FAE04EC0-301F-11D3-BF4B-00C04F79EFBC}") = "AISAM.Common", "AISAM.Common\AISAM.Common.csproj", "{7F6E79AB-5C85-4388-AFAB-8A402748CDEC}"
EndProject
Project("{2150E333-8FDC-42A3-9474-1A3956D46DE8}") = "tests", "tests", "{0AB3BF05-4346-4AA6-1389-037BE0695223}"
EndProject
Project("{FAE04EC0-301F-11D3-BF4B-00C04F79EFBC}") = "AISAM.IntegrationTests", "tests\AISAM.IntegrationTests\AISAM.IntegrationTests.csproj", "{503CC9C1-EC30-4A77-8AFF-3BE1D95B7ACA}"
EndProject
Project("{FAE04EC0-301F-11D3-BF4B-00C04F79EFBC}") = "AISAM.MB.API", "AISAM.MB.API\AISAM.MB.API.csproj", "{7F6FA44A-C129-41E3-BF75-ACDCC927C6B6}"
EndProject
Global
	GlobalSection(SolutionConfigurationPlatforms) = preSolution
		Debug|Any CPU = Debug|Any CPU
		Debug|x64 = Debug|x64
		Debug|x86 = Debug|x86
		Release|Any CPU = Release|Any CPU
		Release|x64 = Release|x64
		Release|x86 = Release|x86
	EndGlobalSection
	GlobalSection(ProjectConfigurationPlatforms) = postSolution
		{0291BFF2-97C7-425E-B1A3-B03C68B53B53}.Debug|Any CPU.ActiveCfg = Debug|Any CPU
		{0291BFF2-97C7-425E-B1A3-B03C68B53B53}.Debug|Any CPU.Build.0 = Debug|Any CPU
		{0291BFF2-97C7-425E-B1A3-B03C68B53B53}.Debug|x64.ActiveCfg = Debug|Any CPU
		{0291BFF2-97C7-425E-B1A3-B03C68B53B53}.Debug|x64.Build.0 = Debug|Any CPU
		{0291BFF2-97C7-425E-B1A3-B03C68B53B53}.Debug|x86.ActiveCfg = Debug|Any CPU
		{0291BFF2-97C7-425E-B1A3-B03C68B53B53}.Debug|x86.Build.0 = Debug|Any CPU
		{0291BFF2-97C7-425E-B1A3-B03C68B53B53}.Release|Any CPU.ActiveCfg = Release|Any CPU
		{0291BFF2-97C7-425E-B1A3-B03C68B53B53}.Release|Any CPU.Build.0 = Release|Any CPU
		{0291BFF2-97C7-425E-B1A3-B03C68B53B53}.Release|x64.ActiveCfg = Release|Any CPU
		{0291BFF2-97C7-425E-B1A3-B03C68B53B53}.Release|x64.Build.0 = Release|Any CPU
		{0291BFF2-97C7-425E-B1A3-B03C68B53B53}.Release|x86.ActiveCfg = Release|Any CPU
		{0291BFF2-97C7-425E-B1A3-B03C68B53B53}.Release|x86.Build.0 = Release|Any CPU
		{3DF9008B-BD89-4E58-8610-AF9752C181DB}.Debug|Any CPU.ActiveCfg = Debug|Any CPU
		{3DF9008B-BD89-4E58-8610-AF9752C181DB}.Debug|Any CPU.Build.0 = Debug|Any CPU
		{3DF9008B-BD89-4E58-8610-AF9752C181DB}.Debug|x64.ActiveCfg = Debug|Any CPU
		{3DF9008B-BD89-4E58-8610-AF9752C181DB}.Debug|x64.Build.0 = Debug|Any CPU
		{3DF9008B-BD89-4E58-8610-AF9752C181DB}.Debug|x86.ActiveCfg = Debug|Any CPU
		{3DF9008B-BD89-4E58-8610-AF9752C181DB}.Debug|x86.Build.0 = Debug|Any CPU
		{3DF9008B-BD89-4E58-8610-AF9752C181DB}.Release|Any CPU.ActiveCfg = Release|Any CPU
		{3DF9008B-BD89-4E58-8610-AF9752C181DB}.Release|Any CPU.Build.0 = Release|Any CPU
		{3DF9008B-BD89-4E58-8610-AF9752C181DB}.Release|x64.ActiveCfg = Release|Any CPU
		{3DF9008B-BD89-4E58-8610-AF9752C181DB}.Release|x64.Build.0 = Release|Any CPU
		{3DF9008B-BD89-4E58-8610-AF9752C181DB}.Release|x86.ActiveCfg = Release|Any CPU
		{3DF9008B-BD89-4E58-8610-AF9752C181DB}.Release|x86.Build.0 = Release|Any CPU
		{CF313C49-A9FB-4103-BB1C-276B1CDA43B8}.Debug|Any CPU.ActiveCfg = Debug|Any CPU
		{CF313C49-A9FB-4103-BB1C-276B1CDA43B8}.Debug|Any CPU.Build.0 = Debug|Any CPU
		{CF313C49-A9FB-4103-BB1C-276B1CDA43B8}.Debug|x64.ActiveCfg = Debug|Any CPU
		{CF313C49-A9FB-4103-BB1C-276B1CDA43B8}.Debug|x64.Build.0 = Debug|Any CPU
		{CF313C49-A9FB-4103-BB1C-276B1CDA43B8}.Debug|x86.ActiveCfg = Debug|Any CPU
		{CF313C49-A9FB-4103-BB1C-276B1CDA43B8}.Debug|x86.Build.0 = Debug|Any CPU
		{CF313C49-A9FB-4103-BB1C-276B1CDA43B8}.Release|Any CPU.ActiveCfg = Release|Any CPU
		{CF313C49-A9FB-4103-BB1C-276B1CDA43B8}.Release|Any CPU.Build.0 = Release|Any CPU
		{CF313C49-A9FB-4103-BB1C-276B1CDA43B8}.Release|x64.ActiveCfg = Release|Any CPU
		{CF313C49-A9FB-4103-BB1C-276B1CDA43B8}.Release|x64.Build.0 = Release|Any CPU
		{CF313C49-A9FB-4103-BB1C-276B1CDA43B8}.Release|x86.ActiveCfg = Release|Any CPU
		{CF313C49-A9FB-4103-BB1C-276B1CDA43B8}.Release|x86.Build.0 = Release|Any CPU
		{E830D751-0D36-4863-A711-0744A5EABC6C}.Debug|Any CPU.ActiveCfg = Debug|Any CPU
		{E830D751-0D36-4863-A711-0744A5EABC6C}.Debug|Any CPU.Build.0 = Debug|Any CPU
		{E830D751-0D36-4863-A711-0744A5EABC6C}.Debug|x64.ActiveCfg = Debug|Any CPU
		{E830D751-0D36-4863-A711-0744A5EABC6C}.Debug|x64.Build.0 = Debug|Any CPU
		{E830D751-0D36-4863-A711-0744A5EABC6C}.Debug|x86.ActiveCfg = Debug|Any CPU
		{E830D751-0D36-4863-A711-0744A5EABC6C}.Debug|x86.Build.0 = Debug|Any CPU
		{E830D751-0D36-4863-A711-0744A5EABC6C}.Release|Any CPU.ActiveCfg = Release|Any CPU
		{E830D751-0D36-4863-A711-0744A5EABC6C}.Release|Any CPU.Build.0 = Release|Any CPU
		{E830D751-0D36-4863-A711-0744A5EABC6C}.Release|x64.ActiveCfg = Release|Any CPU
		{E830D751-0D36-4863-A711-0744A5EABC6C}.Release|x64.Build.0 = Release|Any CPU
		{E830D751-0D36-4863-A711-0744A5EABC6C}.Release|x86.ActiveCfg = Release|Any CPU
		{E830D751-0D36-4863-A711-0744A5EABC6C}.Release|x86.Build.0 = Release|Any CPU
		{7F6E79AB-5C85-4388-AFAB-8A402748CDEC}.Debug|Any CPU.ActiveCfg = Debug|Any CPU
		{7F6E79AB-5C85-4388-AFAB-8A402748CDEC}.Debug|Any CPU.Build.0 = Debug|Any CPU
		{7F6E79AB-5C85-4388-AFAB-8A402748CDEC}.Debug|x64.ActiveCfg = Debug|Any CPU
		{7F6E79AB-5C85-4388-AFAB-8A402748CDEC}.Debug|x64.Build.0 = Debug|Any CPU
		{7F6E79AB-5C85-4388-AFAB-8A402748CDEC}.Debug|x86.ActiveCfg = Debug|Any CPU
		{7F6E79AB-5C85-4388-AFAB-8A402748CDEC}.Debug|x86.Build.0 = Debug|Any CPU
		{7F6E79AB-5C85-4388-AFAB-8A402748CDEC}.Release|Any CPU.ActiveCfg = Release|Any CPU
		{7F6E79AB-5C85-4388-AFAB-8A402748CDEC}.Release|Any CPU.Build.0 = Release|Any CPU
		{7F6E79AB-5C85-4388-AFAB-8A402748CDEC}.Release|x64.ActiveCfg = Release|Any CPU
		{7F6E79AB-5C85-4388-AFAB-8A402748CDEC}.Release|x64.Build.0 = Release|Any CPU
		{7F6E79AB-5C85-4388-AFAB-8A402748CDEC}.Release|x86.ActiveCfg = Release|Any CPU
		{7F6E79AB-5C85-4388-AFAB-8A402748CDEC}.Release|x86.Build.0 = Release|Any CPU
		{503CC9C1-EC30-4A77-8AFF-3BE1D95B7ACA}.Debug|Any CPU.ActiveCfg = Debug|Any CPU
		{503CC9C1-EC30-4A77-8AFF-3BE1D95B7ACA}.Debug|Any CPU.Build.0 = Debug|Any CPU
		{503CC9C1-EC30-4A77-8AFF-3BE1D95B7ACA}.Debug|x64.ActiveCfg = Debug|Any CPU
		{503CC9C1-EC30-4A77-8AFF-3BE1D95B7ACA}.Debug|x64.Build.0 = Debug|Any CPU
		{503CC9C1-EC30-4A77-8AFF-3BE1D95B7ACA}.Debug|x86.ActiveCfg = Debug|Any CPU
		{503CC9C1-EC30-4A77-8AFF-3BE1D95B7ACA}.Debug|x86.Build.0 = Debug|Any CPU
		{503CC9C1-EC30-4A77-8AFF-3BE1D95B7ACA}.Release|Any CPU.ActiveCfg = Release|Any CPU
		{503CC9C1-EC30-4A77-8AFF-3BE1D95B7ACA}.Release|Any CPU.Build.0 = Release|Any CPU
		{503CC9C1-EC30-4A77-8AFF-3BE1D95B7ACA}.Release|x64.ActiveCfg = Release|Any CPU
		{503CC9C1-EC30-4A77-8AFF-3BE1D95B7ACA}.Release|x64.Build.0 = Release|Any CPU
		{503CC9C1-EC30-4A77-8AFF-3BE1D95B7ACA}.Release|x86.ActiveCfg = Release|Any CPU
		{503CC9C1-EC30-4A77-8AFF-3BE1D95B7ACA}.Release|x86.Build.0 = Release|Any CPU
		{7F6FA44A-C129-41E3-BF75-ACDCC927C6B6}.Debug|Any CPU.ActiveCfg = Debug|Any CPU
		{7F6FA44A-C129-41E3-BF75-ACDCC927C6B6}.Debug|Any CPU.Build.0 = Debug|Any CPU
		{7F6FA44A-C129-41E3-BF75-ACDCC927C6B6}.Debug|x64.ActiveCfg = Debug|Any CPU
		{7F6FA44A-C129-41E3-BF75-ACDCC927C6B6}.Debug|x64.Build.0 = Debug|Any CPU
		{7F6FA44A-C129-41E3-BF75-ACDCC927C6B6}.Debug|x86.ActiveCfg = Debug|Any CPU
		{7F6FA44A-C129-41E3-BF75-ACDCC927C6B6}.Debug|x86.Build.0 = Debug|Any CPU
		{7F6FA44A-C129-41E3-BF75-ACDCC927C6B6}.Release|Any CPU.ActiveCfg = Release|Any CPU
		{7F6FA44A-C129-41E3-BF75-ACDCC927C6B6}.Release|Any CPU.Build.0 = Release|Any CPU
		{7F6FA44A-C129-41E3-BF75-ACDCC927C6B6}.Release|x64.ActiveCfg = Release|Any CPU
		{7F6FA44A-C129-41E3-BF75-ACDCC927C6B6}.Release|x64.Build.0 = Release|Any CPU
		{7F6FA44A-C129-41E3-BF75-ACDCC927C6B6}.Release|x86.ActiveCfg = Release|Any CPU
		{7F6FA44A-C129-41E3-BF75-ACDCC927C6B6}.Release|x86.Build.0 = Release|Any CPU
	EndGlobalSection
	GlobalSection(SolutionProperties) = preSolution
		HideSolutionNode = FALSE
	EndGlobalSection
	GlobalSection(NestedProjects) = preSolution
		{503CC9C1-EC30-4A77-8AFF-3BE1D95B7ACA} = {0AB3BF05-4346-4AA6-1389-037BE0695223}
	EndGlobalSection
EndGlobal
